{
  "version": 4,
  "terraform_version": "1.0.2",
  "serial": 574,
  "lineage": "369ba0d2-4a20-2d06-2692-c9fc793c688c",
  "outputs": {
    "tls_private_key": {
      "value": "-----BEGIN RSA PRIVATE KEY-----\nMIIJKQIBAAKCAgEApgH087A9GubkfvAVNkelGjJVlIB8lFsrkaIZCxr7FVEv4dsk\n5hsUvpugs3el4h2Wvms7brzmClp98sn4jbjBp0BuoTraiQC6PV5kuDgoqTdIM6aC\n+FhC92KL6cnubeDdJx9eQiDRwmpe9nHWEhQwFEcx6nO2vp+DrpfY0XlPl7EcNZAw\nVNZ0NYMBXFuew/NvAtTsWPB9eMB13hRcfdwYfKUZD0mzLgx7ARg5GMzLf1MDYhKk\nVuD0WBVpV5QrOuZ+FccvDCzYF9F/Oc1x55bwn9RilREzb0XanSZ5R7FIXWDHUwSP\n6XEhrysbVp9/UwxEnCvNWPoTtaVtQqbZX8P2UyMjlc1wMIGST1AupquCtD8QuawY\n06SfruRWMTM+m1gLPtV5NE36f2C1UMsMRjxmgcAstPyAxJifzp7GFEet0dcpOgme\noR9s1mC0FBnuViVVTpnNkg84RAc3DyXtk5ujNK0eSUWqwxK/AHesFAU+8R9R0QLc\nAErE08gH4TXTEyQzbXkzUnmifq9gCqec7lL/GF+R49AFN9E/GJyCSVGZjPomrAhM\n+aRt5kGNUqw5Uo4eT3baXSE5WmC/kLj16jA1E3tzO7ZAO0wbfxXRXFgO7Z0dpYk/\nqE731FAITkmYUdSst5Jc7Z4m20kn5VHi+twGvlhFx2YgP+EVsmLW8hL14b0CAwEA\nAQKCAgEAidCgEVpjMB003mjjwz8xQpE82N7eDa+ueOWQUtbgUS8oSCFM/bbHvwGm\nJLeUwCX+SjDtkx5A/6FmZBPmQ4l5QydLcJBScmBnPKFLjmAY6Xoad76phhCH76Yh\nL0JTrWZ7UopJDy791J/IHGIe7L1TuNHuD4xmztPQVzZ6alSCjhUbrR/578RljzMm\nAw2QvW4v37LyT1e/Ymqsr2RJ8LayoW/SYQ23MehsiVkZtYv2+MnqyhVd1z5Du4hy\n/qDkTq6hR+UnGr1z3Dowm8UB5dg6BQYlnUk9YQgl2EbjcnAr+lFoyHPGIW+pHin0\nNTKOWlyZ7Oi0PkTF7gvaq/WmCkm+CKn1JhFomIFqXGZXk+xRj55uk2qIJbxjUHwJ\nVk22m8qJuHxGVq9V/blxYpXybV2Uu2miJpgWrD5FphlXAed6SuX3iUDi172w6GkO\nqHWJU9X+2JMnidi1y1/lSWTIr5xnZqY3Y6g/2g4kegZDx7zUUDs0GWLN7kElZVLI\nufe7jRx3u8eRFUVztd1CPJnqjf5Dbv7OQj2bwPmasIgFedJq6y3OBgtUmbks2d9g\nTD6SLYyvEETWZ4+zUxI2QvjNfSMtoUN8oXBRr7z1ZrCG4h+tm2pzwhcZHZ/5yK5Q\nwSIhgRaYckmZRJIAKvXGv40t6z6d4FS/e3zE3GzcoA4t/+wksAUCggEBAMGzrnet\nH5e9DjaOM94RCMRq19bq1E0lxF3AbtQm20bmhxR+UaLNUOAfQg/8KjzLW3XLIIdg\nnicyfwasitfr2KXK9RLqLWUygPwIxsXMB9UjRCXbikR0Xg9fkZ3b5Rkuift/YsyC\nohFgU/vGZC5bgyaoZ41LaMYt3PVHGBraUy0QmrdJekUMhwHGxIV70wrQCaBsZNrD\n8ZblhbQlvL1k3/xfkOqbpQ7qrluiqcYNxVaCFnfSR73XyhnKSJDg5qf3Tl4tZT9+\nahS7B6j6T5uRoRNpxF34k4rqXWlEYRGHRw6PPF3hMm0N0JQmnEi8T4tJrEgj+ARl\nFnA8yE1i1ZwMaWsCggEBANtmFpxrAdjY/IgQfT+r9/CbvQEHu5yGo8jxwVc8QZHS\nKK0AkwTuYUn8UTNab+mOgauGDxEGNo8UhUWhPsyWUh8RP2efJfhhq1EDz4Np4+bj\nXuEzkMaOQfxphGtyTXyCGZ9eZqRaf1sH9Gj5N+1hHxDs4gJGTf9jwSFn/4d1dF2Y\nGxhRLYrhc+gwOEtcZe/OqzXJ8MBGCbw2YLQm2AYaWM99seUZa5gJXsp15m0JFbyd\nuoJp8lyT66flCdNRreD/flnkMbasSR9f4nwSsgtMpV5Y8CkmYEQqe8fD0i2mml1G\nPSps7+FVz4dvj7Mu9TktvRjOBakgmOoyOI8wL3Hl43cCggEBALKiWVinAQa35F6t\nn+nAvdweSHU8VZPcK47mQ49FUl29hX+ByxmfzWETkqIZRH6ScANe093lXZT6fakT\nAGyGZWLonEDYVAsKm2dTVLTfJ64I+vUK1SWyR3hYA3uYalxhzgBxBxVht8LcmjcM\nTCFwZbAGCJGGpNZ3P1m4OeOxypk5weUcTzVUi0E5JM2RVxyWpPocXJpfr/IgM8Di\nOIBVgjdFjui9p2ftR+TcS0OKOZ5BFCVmeKD8W7aTFX7+2di3Or+hj8kRdRUvMq5E\nQZxPnkO/+8dJ0g9/eav10qsOnZowwFQ3tYBbCCtIvEJb3+OtisNw4G51J09UzsiH\nSEXEMIcCggEANO1h0wY1gdyGv0RLEssnmxHW/KKi7dXFOTqpC6RrpQPv8BxNW0ku\niyylYiAVE2Dfg0Np6w92pfmrVOrbPXueAASnKRZJkKvvKjIjI26uHgsH3ogUCvJS\nlNPXsBv4+WphSAL7+/Yg9xLqMVC93zQozGp481eGhW/JLYfrKwB4vANvteQPeot8\n7KyFSBjYNovC3c0DmT7MJm1v0sX0IzTD6/pEqiIBxMGt7mWW2wLwDXp3ffKVFyRQ\nG0azohj4O2knUAQuwgS59ymod4oDDZrF4gbOmP67BnbBOaXR1FV2s724D74L+G49\nDE0re2x+l/aiwZMh5nUIrqbC4jgbmfx9bQKCAQAJEhlbJ16RG0Vz9bgC9r1yVs4P\nZNyYqsTtCaNFrStFKZCYLNlzykyzvW2Yb2/RfcWWxcylY5BF8drD0asrOYz/XMTK\ngiKXO3Zd1KGv6Xy7UJX0mD9vPz2+MvaoQkZvsRPU6IscPXASUdKXSP5fp8BCLH3a\nKgflFoOZa4WTcKLkU/kg8AFSg9ZYyPgflbiCs0JoaU7E/dAm3Q527h6dlGRiSTr+\nV11V61Os7Zo22/rk9nshPanB0LCd5vxppJutJH9gmzh0AcRO1K/LwtArqDYb9fw3\n7bTZ++FfWi9QswNuSJQ6TCP9DnZl80mZhwURYi6jQTkSNAEaJjpsgQQNTciH\n-----END RSA PRIVATE KEY-----\n",
      "type": "string",
      "sensitive": true
    }
  },
  "resources": [
    {
      "mode": "managed",
      "type": "azurerm_network_interface",
      "name": "main",
      "provider": "provider[\"registry.terraform.io/hashicorp/azurerm\"]",
      "instances": [
        {
          "schema_version": 0,
          "attributes": {
            "applied_dns_servers": [],
            "dns_servers": [],
            "enable_accelerated_networking": false,
            "enable_ip_forwarding": false,
            "id": "/subscriptions/59d460b9-da91-449c-9c53-0f01f82b5e2f/resourceGroups/cloudbox-rg/providers/Microsoft.Network/networkInterfaces/cloudbox-nic",
            "internal_dns_name_label": "",
            "internal_domain_name_suffix": "0f02j0mn3abulc3lmeywzhhmgd.ax.internal.cloudapp.net",
            "ip_configuration": [
              {
                "name": "testconfiguration1",
                "primary": true,
                "private_ip_address": "10.0.2.4",
                "private_ip_address_allocation": "Dynamic",
                "private_ip_address_version": "IPv4",
                "public_ip_address_id": "/subscriptions/59d460b9-da91-449c-9c53-0f01f82b5e2f/resourceGroups/cloudbox-rg/providers/Microsoft.Network/publicIPAddresses/cloudbox-ip",
                "subnet_id": "/subscriptions/59d460b9-da91-449c-9c53-0f01f82b5e2f/resourceGroups/cloudbox-rg/providers/Microsoft.Network/virtualNetworks/cloudbox-network/subnets/cloudbox-subnet"
              }
            ],
            "location": "westeurope",
            "mac_address": "00-0D-3A-2C-38-AA",
            "name": "cloudbox-nic",
            "private_ip_address": "10.0.2.4",
            "private_ip_addresses": [
              "10.0.2.4"
            ],
            "resource_group_name": "cloudbox-rg",
            "tags": {},
            "timeouts": null,
            "virtual_machine_id": ""
          },
          "sensitive_attributes": [],
          "private": "eyJlMmJmYjczMC1lY2FhLTExZTYtOGY4OC0zNDM2M2JjN2M0YzAiOnsiY3JlYXRlIjoxODAwMDAwMDAwMDAwLCJkZWxldGUiOjE4MDAwMDAwMDAwMDAsInJlYWQiOjMwMDAwMDAwMDAwMCwidXBkYXRlIjoxODAwMDAwMDAwMDAwfX0=",
          "dependencies": [
            "azurerm_public_ip.main",
            "azurerm_resource_group.main",
            "azurerm_subnet.internal"
          ]
        }
      ]
    },
    {
      "mode": "managed",
      "type": "azurerm_network_interface_security_group_association",
      "name": "main",
      "provider": "provider[\"registry.terraform.io/hashicorp/azurerm\"]",
      "instances": [
        {
          "schema_version": 0,
          "attributes": {
            "id": "/subscriptions/59d460b9-da91-449c-9c53-0f01f82b5e2f/resourceGroups/cloudbox-rg/providers/Microsoft.Network/networkInterfaces/cloudbox-nic|/subscriptions/59d460b9-da91-449c-9c53-0f01f82b5e2f/resourceGroups/cloudbox-rg/providers/Microsoft.Network/networkSecurityGroups/cloudbox-sg",
            "network_interface_id": "/subscriptions/59d460b9-da91-449c-9c53-0f01f82b5e2f/resourceGroups/cloudbox-rg/providers/Microsoft.Network/networkInterfaces/cloudbox-nic",
            "network_security_group_id": "/subscriptions/59d460b9-da91-449c-9c53-0f01f82b5e2f/resourceGroups/cloudbox-rg/providers/Microsoft.Network/networkSecurityGroups/cloudbox-sg",
            "timeouts": null
          },
          "sensitive_attributes": [],
          "private": "eyJlMmJmYjczMC1lY2FhLTExZTYtOGY4OC0zNDM2M2JjN2M0YzAiOnsiY3JlYXRlIjoxODAwMDAwMDAwMDAwLCJkZWxldGUiOjE4MDAwMDAwMDAwMDAsInJlYWQiOjMwMDAwMDAwMDAwMCwidXBkYXRlIjoxODAwMDAwMDAwMDAwfX0=",
          "dependencies": [
            "azurerm_public_ip.main",
            "azurerm_resource_group.main",
            "azurerm_subnet.internal",
            "azurerm_virtual_network.main",
            "azurerm_network_interface.main",
            "azurerm_network_security_group.main"
          ]
        }
      ]
    },
    {
      "mode": "managed",
      "type": "azurerm_network_security_group",
      "name": "main",
      "provider": "provider[\"registry.terraform.io/hashicorp/azurerm\"]",
      "instances": [
        {
          "schema_version": 0,
          "attributes": {
            "id": "/subscriptions/59d460b9-da91-449c-9c53-0f01f82b5e2f/resourceGroups/cloudbox-rg/providers/Microsoft.Network/networkSecurityGroups/cloudbox-sg",
            "location": "westeurope",
            "name": "cloudbox-sg",
            "resource_group_name": "cloudbox-rg",
            "security_rule": [
              {
                "access": "Allow",
                "description": "",
                "destination_address_prefix": "*",
                "destination_address_prefixes": [],
                "destination_application_security_group_ids": [],
                "destination_port_range": "22",
                "destination_port_ranges": [],
                "direction": "Inbound",
                "name": "SSH",
                "priority": 1100,
                "protocol": "Tcp",
                "source_address_prefix": "*",
                "source_address_prefixes": [],
                "source_application_security_group_ids": [],
                "source_port_range": "*",
                "source_port_ranges": []
              },
              {
                "access": "Allow",
                "description": "",
                "destination_address_prefix": "*",
                "destination_address_prefixes": [],
                "destination_application_security_group_ids": [],
                "destination_port_range": "443",
                "destination_port_ranges": [],
                "direction": "Inbound",
                "name": "HTTPS",
                "priority": 1002,
                "protocol": "Tcp",
                "source_address_prefix": "*",
                "source_address_prefixes": [],
                "source_application_security_group_ids": [],
                "source_port_range": "*",
                "source_port_ranges": []
              },
              {
                "access": "Allow",
                "description": "",
                "destination_address_prefix": "*",
                "destination_address_prefixes": [],
                "destination_application_security_group_ids": [],
                "destination_port_range": "80",
                "destination_port_ranges": [],
                "direction": "Inbound",
                "name": "Gitlab",
                "priority": 1010,
                "protocol": "Tcp",
                "source_address_prefix": "*",
                "source_address_prefixes": [],
                "source_application_security_group_ids": [],
                "source_port_range": "*",
                "source_port_ranges": []
              },
              {
                "access": "Allow",
                "description": "",
                "destination_address_prefix": "*",
                "destination_address_prefixes": [],
                "destination_application_security_group_ids": [],
                "destination_port_range": "8080",
                "destination_port_ranges": [],
                "direction": "Inbound",
                "name": "JENKINS",
                "priority": 1001,
                "protocol": "Tcp",
                "source_address_prefix": "*",
                "source_address_prefixes": [],
                "source_application_security_group_ids": [],
                "source_port_range": "*",
                "source_port_ranges": []
              }
            ],
            "tags": {},
            "timeouts": null
          },
          "sensitive_attributes": [],
          "private": "eyJlMmJmYjczMC1lY2FhLTExZTYtOGY4OC0zNDM2M2JjN2M0YzAiOnsiY3JlYXRlIjoxODAwMDAwMDAwMDAwLCJkZWxldGUiOjE4MDAwMDAwMDAwMDAsInJlYWQiOjMwMDAwMDAwMDAwMCwidXBkYXRlIjoxODAwMDAwMDAwMDAwfX0=",
          "dependencies": [
            "azurerm_resource_group.main"
          ]
        }
      ]
    },
    {
      "mode": "managed",
      "type": "azurerm_postgresql_server",
      "name": "example",
      "provider": "provider[\"registry.terraform.io/hashicorp/azurerm\"]",
      "instances": [
        {
          "schema_version": 0,
          "attributes": {
            "administrator_login": "taha",
            "administrator_login_password": "ku}6LV7_s%$z:!_H",
            "auto_grow_enabled": false,
            "backup_retention_days": 7,
            "create_mode": "Default",
            "creation_source_server_id": null,
            "fqdn": "cloudbox-database.postgres.database.azure.com",
            "geo_redundant_backup_enabled": false,
            "id": "/subscriptions/59d460b9-da91-449c-9c53-0f01f82b5e2f/resourceGroups/cloudbox-rg/providers/Microsoft.DBforPostgreSQL/servers/cloudbox-database",
            "identity": [],
            "infrastructure_encryption_enabled": false,
            "location": "westeurope",
            "name": "cloudbox-database",
            "public_network_access_enabled": true,
            "resource_group_name": "cloudbox-rg",
            "restore_point_in_time": null,
            "sku_name": "B_Gen5_2",
            "ssl_enforcement": "Enabled",
            "ssl_enforcement_enabled": true,
            "ssl_minimal_tls_version_enforced": "TLS1_2",
            "storage_mb": 30720,
            "storage_profile": [
              {
                "auto_grow": "Disabled",
                "backup_retention_days": 7,
                "geo_redundant_backup": "Disabled",
                "storage_mb": 30720
              }
            ],
            "tags": {},
            "threat_detection_policy": [],
            "timeouts": null,
            "version": "11"
          },
          "sensitive_attributes": [],
          "private": "eyJlMmJmYjczMC1lY2FhLTExZTYtOGY4OC0zNDM2M2JjN2M0YzAiOnsiY3JlYXRlIjozNjAwMDAwMDAwMDAwLCJkZWxldGUiOjM2MDAwMDAwMDAwMDAsInJlYWQiOjMwMDAwMDAwMDAwMCwidXBkYXRlIjozNjAwMDAwMDAwMDAwfX0=",
          "dependencies": [
            "azurerm_resource_group.main"
          ]
        }
      ]
    },
    {
      "mode": "managed",
      "type": "azurerm_public_ip",
      "name": "main",
      "provider": "provider[\"registry.terraform.io/hashicorp/azurerm\"]",
      "instances": [
        {
          "schema_version": 0,
          "attributes": {
            "allocation_method": "Dynamic",
            "availability_zone": "No-Zone",
            "domain_name_label": "portailcloudbox",
            "fqdn": "portailcloudbox.westeurope.cloudapp.azure.com",
            "id": "/subscriptions/59d460b9-da91-449c-9c53-0f01f82b5e2f/resourceGroups/cloudbox-rg/providers/Microsoft.Network/publicIPAddresses/cloudbox-ip",
            "idle_timeout_in_minutes": 4,
            "ip_address": "",
            "ip_tags": null,
            "ip_version": "IPv4",
            "location": "westeurope",
            "name": "cloudbox-ip",
            "public_ip_prefix_id": null,
            "resource_group_name": "cloudbox-rg",
            "reverse_fqdn": "",
            "sku": "Basic",
            "tags": null,
            "timeouts": null,
            "zones": []
          },
          "sensitive_attributes": [],
          "private": "eyJlMmJmYjczMC1lY2FhLTExZTYtOGY4OC0zNDM2M2JjN2M0YzAiOnsiY3JlYXRlIjoxODAwMDAwMDAwMDAwLCJkZWxldGUiOjE4MDAwMDAwMDAwMDAsInJlYWQiOjMwMDAwMDAwMDAwMCwidXBkYXRlIjoxODAwMDAwMDAwMDAwfX0=",
          "dependencies": [
            "azurerm_resource_group.main"
          ]
        }
      ]
    },
    {
      "mode": "managed",
      "type": "azurerm_resource_group",
      "name": "main",
      "provider": "provider[\"registry.terraform.io/hashicorp/azurerm\"]",
      "instances": [
        {
          "schema_version": 0,
          "attributes": {
            "id": "/subscriptions/59d460b9-da91-449c-9c53-0f01f82b5e2f/resourceGroups/cloudbox-rg",
            "location": "westeurope",
            "name": "cloudbox-rg",
            "tags": {},
            "timeouts": null
          },
          "sensitive_attributes": [],
          "private": "eyJlMmJmYjczMC1lY2FhLTExZTYtOGY4OC0zNDM2M2JjN2M0YzAiOnsiY3JlYXRlIjo1NDAwMDAwMDAwMDAwLCJkZWxldGUiOjU0MDAwMDAwMDAwMDAsInJlYWQiOjMwMDAwMDAwMDAwMCwidXBkYXRlIjo1NDAwMDAwMDAwMDAwfX0="
        }
      ]
    },
    {
      "mode": "managed",
      "type": "azurerm_storage_account",
      "name": "main",
      "provider": "provider[\"registry.terraform.io/hashicorp/azurerm\"]",
      "instances": [
        {
          "schema_version": 2,
          "attributes": {
            "access_tier": "Hot",
            "account_kind": "StorageV2",
            "account_replication_type": "LRS",
            "account_tier": "Standard",
            "allow_blob_public_access": false,
            "azure_files_authentication": [],
            "blob_properties": [
              {
                "change_feed_enabled": false,
                "container_delete_retention_policy": [],
                "cors_rule": [],
                "default_service_version": "",
                "delete_retention_policy": [],
                "last_access_time_enabled": false,
                "versioning_enabled": false
              }
            ],
            "custom_domain": [],
            "enable_https_traffic_only": true,
            "id": "/subscriptions/59d460b9-da91-449c-9c53-0f01f82b5e2f/resourceGroups/cloudbox-rg/providers/Microsoft.Storage/storageAccounts/cloudboxstorage",
            "identity": [],
            "is_hns_enabled": false,
            "large_file_share_enabled": null,
            "location": "westeurope",
            "min_tls_version": "TLS1_0",
            "name": "cloudboxstorage",
            "network_rules": [
              {
                "bypass": [
                  "AzureServices"
                ],
                "default_action": "Allow",
                "ip_rules": [],
                "private_link_access": [],
                "virtual_network_subnet_ids": []
              }
            ],
            "nfsv3_enabled": false,
            "primary_access_key": "gYI3pZ+TFORN4r+z/qmmeqivOFehmE8p7bBTcfcT8K9gFDdW1VyL2TE7oYQTOocT/DYwkqD8G+n9h4pzaG54Ug==",
            "primary_blob_connection_string": "DefaultEndpointsProtocol=https;BlobEndpoint=https://cloudboxstorage.blob.core.windows.net/;AccountName=cloudboxstorage;AccountKey=gYI3pZ+TFORN4r+z/qmmeqivOFehmE8p7bBTcfcT8K9gFDdW1VyL2TE7oYQTOocT/DYwkqD8G+n9h4pzaG54Ug==",
            "primary_blob_endpoint": "https://cloudboxstorage.blob.core.windows.net/",
            "primary_blob_host": "cloudboxstorage.blob.core.windows.net",
            "primary_connection_string": "DefaultEndpointsProtocol=https;AccountName=cloudboxstorage;AccountKey=gYI3pZ+TFORN4r+z/qmmeqivOFehmE8p7bBTcfcT8K9gFDdW1VyL2TE7oYQTOocT/DYwkqD8G+n9h4pzaG54Ug==;EndpointSuffix=core.windows.net",
            "primary_dfs_endpoint": "https://cloudboxstorage.dfs.core.windows.net/",
            "primary_dfs_host": "cloudboxstorage.dfs.core.windows.net",
            "primary_file_endpoint": "https://cloudboxstorage.file.core.windows.net/",
            "primary_file_host": "cloudboxstorage.file.core.windows.net",
            "primary_location": "westeurope",
            "primary_queue_endpoint": "https://cloudboxstorage.queue.core.windows.net/",
            "primary_queue_host": "cloudboxstorage.queue.core.windows.net",
            "primary_table_endpoint": "https://cloudboxstorage.table.core.windows.net/",
            "primary_table_host": "cloudboxstorage.table.core.windows.net",
            "primary_web_endpoint": "https://cloudboxstorage.z6.web.core.windows.net/",
            "primary_web_host": "cloudboxstorage.z6.web.core.windows.net",
            "queue_properties": [
              {
                "cors_rule": [],
                "hour_metrics": [
                  {
                    "enabled": true,
                    "include_apis": true,
                    "retention_policy_days": 7,
                    "version": "1.0"
                  }
                ],
                "logging": [
                  {
                    "delete": false,
                    "read": false,
                    "retention_policy_days": 0,
                    "version": "1.0",
                    "write": false
                  }
                ],
                "minute_metrics": [
                  {
                    "enabled": false,
                    "include_apis": false,
                    "retention_policy_days": 0,
                    "version": "1.0"
                  }
                ]
              }
            ],
            "resource_group_name": "cloudbox-rg",
            "routing": [],
            "secondary_access_key": "pAq5iQVQCPh0+pXqSB2x3qfF/oKTEV/Cc9ucJpK4X/L8NozjAckhkwP8Gt+WILPttcucN2tAImpns7V28154GA==",
            "secondary_blob_connection_string": "",
            "secondary_blob_endpoint": null,
            "secondary_blob_host": null,
            "secondary_connection_string": "DefaultEndpointsProtocol=https;AccountName=cloudboxstorage;AccountKey=pAq5iQVQCPh0+pXqSB2x3qfF/oKTEV/Cc9ucJpK4X/L8NozjAckhkwP8Gt+WILPttcucN2tAImpns7V28154GA==;EndpointSuffix=core.windows.net",
            "secondary_dfs_endpoint": null,
            "secondary_dfs_host": null,
            "secondary_file_endpoint": null,
            "secondary_file_host": null,
            "secondary_location": "",
            "secondary_queue_endpoint": null,
            "secondary_queue_host": null,
            "secondary_table_endpoint": null,
            "secondary_table_host": null,
            "secondary_web_endpoint": null,
            "secondary_web_host": null,
            "share_properties": [
              {
                "cors_rule": [],
                "retention_policy": [
                  {
                    "days": 7
                  }
                ],
                "smb": []
              }
            ],
            "static_website": [],
            "tags": {},
            "timeouts": null
          },
          "sensitive_attributes": [],
          "private": "eyJlMmJmYjczMC1lY2FhLTExZTYtOGY4OC0zNDM2M2JjN2M0YzAiOnsiY3JlYXRlIjozNjAwMDAwMDAwMDAwLCJkZWxldGUiOjM2MDAwMDAwMDAwMDAsInJlYWQiOjMwMDAwMDAwMDAwMCwidXBkYXRlIjozNjAwMDAwMDAwMDAwfSwic2NoZW1hX3ZlcnNpb24iOiIyIn0=",
          "dependencies": [
            "azurerm_resource_group.main"
          ]
        }
      ]
    },
    {
      "mode": "managed",
      "type": "azurerm_subnet",
      "name": "internal",
      "provider": "provider[\"registry.terraform.io/hashicorp/azurerm\"]",
      "instances": [
        {
          "schema_version": 0,
          "attributes": {
            "address_prefix": "10.0.2.0/24",
            "address_prefixes": [
              "10.0.2.0/24"
            ],
            "delegation": [],
            "enforce_private_link_endpoint_network_policies": false,
            "enforce_private_link_service_network_policies": false,
            "id": "/subscriptions/59d460b9-da91-449c-9c53-0f01f82b5e2f/resourceGroups/cloudbox-rg/providers/Microsoft.Network/virtualNetworks/cloudbox-network/subnets/cloudbox-subnet",
            "name": "cloudbox-subnet",
            "resource_group_name": "cloudbox-rg",
            "service_endpoint_policy_ids": [],
            "service_endpoints": [],
            "timeouts": null,
            "virtual_network_name": "cloudbox-network"
          },
          "sensitive_attributes": [],
          "private": "eyJlMmJmYjczMC1lY2FhLTExZTYtOGY4OC0zNDM2M2JjN2M0YzAiOnsiY3JlYXRlIjoxODAwMDAwMDAwMDAwLCJkZWxldGUiOjE4MDAwMDAwMDAwMDAsInJlYWQiOjMwMDAwMDAwMDAwMCwidXBkYXRlIjoxODAwMDAwMDAwMDAwfX0=",
          "dependencies": [
            "azurerm_resource_group.main",
            "azurerm_virtual_network.main"
          ]
        }
      ]
    },
    {
      "mode": "managed",
      "type": "azurerm_virtual_machine",
      "name": "main",
      "provider": "provider[\"registry.terraform.io/hashicorp/azurerm\"]",
      "instances": [
        {
          "status": "tainted",
          "schema_version": 0,
          "attributes": {
            "additional_capabilities": [],
            "availability_set_id": null,
            "boot_diagnostics": [],
            "delete_data_disks_on_termination": false,
            "delete_os_disk_on_termination": false,
            "id": "/subscriptions/59d460b9-da91-449c-9c53-0f01f82b5e2f/resourceGroups/cloudbox-rg/providers/Microsoft.Compute/virtualMachines/cloudbox-vm",
            "identity": [],
            "license_type": null,
            "location": "westeurope",
            "name": "cloudbox-vm",
            "network_interface_ids": [
              "/subscriptions/59d460b9-da91-449c-9c53-0f01f82b5e2f/resourceGroups/cloudbox-rg/providers/Microsoft.Network/networkInterfaces/cloudbox-nic"
            ],
            "os_profile": [
              {
                "admin_password": "",
                "admin_username": "tahachakir",
                "computer_name": "cloudbox",
                "custom_data": ""
              }
            ],
            "os_profile_linux_config": [
              {
                "disable_password_authentication": false,
                "ssh_keys": []
              }
            ],
            "os_profile_secrets": [],
            "os_profile_windows_config": [],
            "plan": [],
            "primary_network_interface_id": null,
            "proximity_placement_group_id": null,
            "resource_group_name": "cloudbox-rg",
            "storage_data_disk": [],
            "storage_image_reference": [
              {
                "id": "",
                "offer": "UbuntuServer",
                "publisher": "Canonical",
                "sku": "18.04-LTS",
                "version": "latest"
              }
            ],
            "storage_os_disk": [
              {
                "caching": "ReadWrite",
                "create_option": "FromImage",
                "disk_size_gb": 30,
                "image_uri": "",
                "managed_disk_id": "/subscriptions/59d460b9-da91-449c-9c53-0f01f82b5e2f/resourceGroups/cloudbox-rg/providers/Microsoft.Compute/disks/myosdisk1",
                "managed_disk_type": "Standard_LRS",
                "name": "myosdisk1",
                "os_type": "Linux",
                "vhd_uri": "",
                "write_accelerator_enabled": false
              }
            ],
            "tags": null,
            "timeouts": null,
            "vm_size": "Standard_B2ms",
            "zones": null
          },
          "sensitive_attributes": [],
          "private": "eyJlMmJmYjczMC1lY2FhLTExZTYtOGY4OC0zNDM2M2JjN2M0YzAiOnsiY3JlYXRlIjozNjAwMDAwMDAwMDAwLCJkZWxldGUiOjM2MDAwMDAwMDAwMDAsInJlYWQiOjMwMDAwMDAwMDAwMCwidXBkYXRlIjozNjAwMDAwMDAwMDAwfX0=",
          "dependencies": [
            "azurerm_network_interface.main",
            "azurerm_public_ip.main",
            "azurerm_resource_group.main",
            "azurerm_subnet.internal"
          ]
        }
      ]
    },
    {
      "mode": "managed",
      "type": "azurerm_virtual_network",
      "name": "main",
      "provider": "provider[\"registry.terraform.io/hashicorp/azurerm\"]",
      "instances": [
        {
          "schema_version": 0,
          "attributes": {
            "address_space": [
              "10.0.0.0/16"
            ],
            "bgp_community": "",
            "ddos_protection_plan": [],
            "dns_servers": [],
            "guid": "e9c475d1-e88d-4503-8bab-61316c9cec33",
            "id": "/subscriptions/59d460b9-da91-449c-9c53-0f01f82b5e2f/resourceGroups/cloudbox-rg/providers/Microsoft.Network/virtualNetworks/cloudbox-network",
            "location": "westeurope",
            "name": "cloudbox-network",
            "resource_group_name": "cloudbox-rg",
            "subnet": [
              {
                "address_prefix": "10.0.2.0/24",
                "id": "/subscriptions/59d460b9-da91-449c-9c53-0f01f82b5e2f/resourceGroups/cloudbox-rg/providers/Microsoft.Network/virtualNetworks/cloudbox-network/subnets/cloudbox-subnet",
                "name": "cloudbox-subnet",
                "security_group": ""
              }
            ],
            "tags": {},
            "timeouts": null,
            "vm_protection_enabled": false
          },
          "sensitive_attributes": [],
          "private": "eyJlMmJmYjczMC1lY2FhLTExZTYtOGY4OC0zNDM2M2JjN2M0YzAiOnsiY3JlYXRlIjoxODAwMDAwMDAwMDAwLCJkZWxldGUiOjE4MDAwMDAwMDAwMDAsInJlYWQiOjMwMDAwMDAwMDAwMCwidXBkYXRlIjoxODAwMDAwMDAwMDAwfX0=",
          "dependencies": [
            "azurerm_resource_group.main"
          ]
        }
      ]
    },
    {
      "mode": "managed",
      "type": "tls_private_key",
      "name": "example_ssh",
      "provider": "provider[\"registry.terraform.io/hashicorp/tls\"]",
      "instances": [
        {
          "schema_version": 0,
          "attributes": {
            "algorithm": "RSA",
            "ecdsa_curve": "P224",
            "id": "5638b4f1b6a544fac3dd977ac7e068a67db0d27e",
            "private_key_pem": "-----BEGIN RSA PRIVATE KEY-----\nMIIJKQIBAAKCAgEApgH087A9GubkfvAVNkelGjJVlIB8lFsrkaIZCxr7FVEv4dsk\n5hsUvpugs3el4h2Wvms7brzmClp98sn4jbjBp0BuoTraiQC6PV5kuDgoqTdIM6aC\n+FhC92KL6cnubeDdJx9eQiDRwmpe9nHWEhQwFEcx6nO2vp+DrpfY0XlPl7EcNZAw\nVNZ0NYMBXFuew/NvAtTsWPB9eMB13hRcfdwYfKUZD0mzLgx7ARg5GMzLf1MDYhKk\nVuD0WBVpV5QrOuZ+FccvDCzYF9F/Oc1x55bwn9RilREzb0XanSZ5R7FIXWDHUwSP\n6XEhrysbVp9/UwxEnCvNWPoTtaVtQqbZX8P2UyMjlc1wMIGST1AupquCtD8QuawY\n06SfruRWMTM+m1gLPtV5NE36f2C1UMsMRjxmgcAstPyAxJifzp7GFEet0dcpOgme\noR9s1mC0FBnuViVVTpnNkg84RAc3DyXtk5ujNK0eSUWqwxK/AHesFAU+8R9R0QLc\nAErE08gH4TXTEyQzbXkzUnmifq9gCqec7lL/GF+R49AFN9E/GJyCSVGZjPomrAhM\n+aRt5kGNUqw5Uo4eT3baXSE5WmC/kLj16jA1E3tzO7ZAO0wbfxXRXFgO7Z0dpYk/\nqE731FAITkmYUdSst5Jc7Z4m20kn5VHi+twGvlhFx2YgP+EVsmLW8hL14b0CAwEA\nAQKCAgEAidCgEVpjMB003mjjwz8xQpE82N7eDa+ueOWQUtbgUS8oSCFM/bbHvwGm\nJLeUwCX+SjDtkx5A/6FmZBPmQ4l5QydLcJBScmBnPKFLjmAY6Xoad76phhCH76Yh\nL0JTrWZ7UopJDy791J/IHGIe7L1TuNHuD4xmztPQVzZ6alSCjhUbrR/578RljzMm\nAw2QvW4v37LyT1e/Ymqsr2RJ8LayoW/SYQ23MehsiVkZtYv2+MnqyhVd1z5Du4hy\n/qDkTq6hR+UnGr1z3Dowm8UB5dg6BQYlnUk9YQgl2EbjcnAr+lFoyHPGIW+pHin0\nNTKOWlyZ7Oi0PkTF7gvaq/WmCkm+CKn1JhFomIFqXGZXk+xRj55uk2qIJbxjUHwJ\nVk22m8qJuHxGVq9V/blxYpXybV2Uu2miJpgWrD5FphlXAed6SuX3iUDi172w6GkO\nqHWJU9X+2JMnidi1y1/lSWTIr5xnZqY3Y6g/2g4kegZDx7zUUDs0GWLN7kElZVLI\nufe7jRx3u8eRFUVztd1CPJnqjf5Dbv7OQj2bwPmasIgFedJq6y3OBgtUmbks2d9g\nTD6SLYyvEETWZ4+zUxI2QvjNfSMtoUN8oXBRr7z1ZrCG4h+tm2pzwhcZHZ/5yK5Q\nwSIhgRaYckmZRJIAKvXGv40t6z6d4FS/e3zE3GzcoA4t/+wksAUCggEBAMGzrnet\nH5e9DjaOM94RCMRq19bq1E0lxF3AbtQm20bmhxR+UaLNUOAfQg/8KjzLW3XLIIdg\nnicyfwasitfr2KXK9RLqLWUygPwIxsXMB9UjRCXbikR0Xg9fkZ3b5Rkuift/YsyC\nohFgU/vGZC5bgyaoZ41LaMYt3PVHGBraUy0QmrdJekUMhwHGxIV70wrQCaBsZNrD\n8ZblhbQlvL1k3/xfkOqbpQ7qrluiqcYNxVaCFnfSR73XyhnKSJDg5qf3Tl4tZT9+\nahS7B6j6T5uRoRNpxF34k4rqXWlEYRGHRw6PPF3hMm0N0JQmnEi8T4tJrEgj+ARl\nFnA8yE1i1ZwMaWsCggEBANtmFpxrAdjY/IgQfT+r9/CbvQEHu5yGo8jxwVc8QZHS\nKK0AkwTuYUn8UTNab+mOgauGDxEGNo8UhUWhPsyWUh8RP2efJfhhq1EDz4Np4+bj\nXuEzkMaOQfxphGtyTXyCGZ9eZqRaf1sH9Gj5N+1hHxDs4gJGTf9jwSFn/4d1dF2Y\nGxhRLYrhc+gwOEtcZe/OqzXJ8MBGCbw2YLQm2AYaWM99seUZa5gJXsp15m0JFbyd\nuoJp8lyT66flCdNRreD/flnkMbasSR9f4nwSsgtMpV5Y8CkmYEQqe8fD0i2mml1G\nPSps7+FVz4dvj7Mu9TktvRjOBakgmOoyOI8wL3Hl43cCggEBALKiWVinAQa35F6t\nn+nAvdweSHU8VZPcK47mQ49FUl29hX+ByxmfzWETkqIZRH6ScANe093lXZT6fakT\nAGyGZWLonEDYVAsKm2dTVLTfJ64I+vUK1SWyR3hYA3uYalxhzgBxBxVht8LcmjcM\nTCFwZbAGCJGGpNZ3P1m4OeOxypk5weUcTzVUi0E5JM2RVxyWpPocXJpfr/IgM8Di\nOIBVgjdFjui9p2ftR+TcS0OKOZ5BFCVmeKD8W7aTFX7+2di3Or+hj8kRdRUvMq5E\nQZxPnkO/+8dJ0g9/eav10qsOnZowwFQ3tYBbCCtIvEJb3+OtisNw4G51J09UzsiH\nSEXEMIcCggEANO1h0wY1gdyGv0RLEssnmxHW/KKi7dXFOTqpC6RrpQPv8BxNW0ku\niyylYiAVE2Dfg0Np6w92pfmrVOrbPXueAASnKRZJkKvvKjIjI26uHgsH3ogUCvJS\nlNPXsBv4+WphSAL7+/Yg9xLqMVC93zQozGp481eGhW/JLYfrKwB4vANvteQPeot8\n7KyFSBjYNovC3c0DmT7MJm1v0sX0IzTD6/pEqiIBxMGt7mWW2wLwDXp3ffKVFyRQ\nG0azohj4O2knUAQuwgS59ymod4oDDZrF4gbOmP67BnbBOaXR1FV2s724D74L+G49\nDE0re2x+l/aiwZMh5nUIrqbC4jgbmfx9bQKCAQAJEhlbJ16RG0Vz9bgC9r1yVs4P\nZNyYqsTtCaNFrStFKZCYLNlzykyzvW2Yb2/RfcWWxcylY5BF8drD0asrOYz/XMTK\ngiKXO3Zd1KGv6Xy7UJX0mD9vPz2+MvaoQkZvsRPU6IscPXASUdKXSP5fp8BCLH3a\nKgflFoOZa4WTcKLkU/kg8AFSg9ZYyPgflbiCs0JoaU7E/dAm3Q527h6dlGRiSTr+\nV11V61Os7Zo22/rk9nshPanB0LCd5vxppJutJH9gmzh0AcRO1K/LwtArqDYb9fw3\n7bTZ++FfWi9QswNuSJQ6TCP9DnZl80mZhwURYi6jQTkSNAEaJjpsgQQNTciH\n-----END RSA PRIVATE KEY-----\n",
            "public_key_fingerprint_md5": "95:29:ae:d4:89:49:f6:86:fe:a0:b9:bb:00:38:e9:c1",
            "public_key_openssh": "ssh-rsa AAAAB3NzaC1yc2EAAAADAQABAAACAQCmAfTzsD0a5uR+8BU2R6UaMlWUgHyUWyuRohkLGvsVUS/h2yTmGxS+m6Czd6XiHZa+aztuvOYKWn3yyfiNuMGnQG6hOtqJALo9XmS4OCipN0gzpoL4WEL3Yovpye5t4N0nH15CINHCal72cdYSFDAURzHqc7a+n4Oul9jReU+XsRw1kDBU1nQ1gwFcW57D828C1OxY8H14wHXeFFx93Bh8pRkPSbMuDHsBGDkYzMt/UwNiEqRW4PRYFWlXlCs65n4Vxy8MLNgX0X85zXHnlvCf1GKVETNvRdqdJnlHsUhdYMdTBI/pcSGvKxtWn39TDEScK81Y+hO1pW1Cptlfw/ZTIyOVzXAwgZJPUC6mq4K0PxC5rBjTpJ+u5FYxMz6bWAs+1Xk0Tfp/YLVQywxGPGaBwCy0/IDEmJ/OnsYUR63R1yk6CZ6hH2zWYLQUGe5WJVVOmc2SDzhEBzcPJe2Tm6M0rR5JRarDEr8Ad6wUBT7xH1HRAtwASsTTyAfhNdMTJDNteTNSeaJ+r2AKp5zuUv8YX5Hj0AU30T8YnIJJUZmM+iasCEz5pG3mQY1SrDlSjh5PdtpdITlaYL+QuPXqMDUTe3M7tkA7TBt/FdFcWA7tnR2liT+oTvfUUAhOSZhR1Ky3klztnibbSSflUeL63Aa+WEXHZiA/4RWyYtbyEvXhvQ==\n",
            "public_key_pem": "-----BEGIN PUBLIC KEY-----\nMIICIjANBgkqhkiG9w0BAQEFAAOCAg8AMIICCgKCAgEApgH087A9GubkfvAVNkel\nGjJVlIB8lFsrkaIZCxr7FVEv4dsk5hsUvpugs3el4h2Wvms7brzmClp98sn4jbjB\np0BuoTraiQC6PV5kuDgoqTdIM6aC+FhC92KL6cnubeDdJx9eQiDRwmpe9nHWEhQw\nFEcx6nO2vp+DrpfY0XlPl7EcNZAwVNZ0NYMBXFuew/NvAtTsWPB9eMB13hRcfdwY\nfKUZD0mzLgx7ARg5GMzLf1MDYhKkVuD0WBVpV5QrOuZ+FccvDCzYF9F/Oc1x55bw\nn9RilREzb0XanSZ5R7FIXWDHUwSP6XEhrysbVp9/UwxEnCvNWPoTtaVtQqbZX8P2\nUyMjlc1wMIGST1AupquCtD8QuawY06SfruRWMTM+m1gLPtV5NE36f2C1UMsMRjxm\ngcAstPyAxJifzp7GFEet0dcpOgmeoR9s1mC0FBnuViVVTpnNkg84RAc3DyXtk5uj\nNK0eSUWqwxK/AHesFAU+8R9R0QLcAErE08gH4TXTEyQzbXkzUnmifq9gCqec7lL/\nGF+R49AFN9E/GJyCSVGZjPomrAhM+aRt5kGNUqw5Uo4eT3baXSE5WmC/kLj16jA1\nE3tzO7ZAO0wbfxXRXFgO7Z0dpYk/qE731FAITkmYUdSst5Jc7Z4m20kn5VHi+twG\nvlhFx2YgP+EVsmLW8hL14b0CAwEAAQ==\n-----END PUBLIC KEY-----\n",
            "rsa_bits": 4096
          },
          "sensitive_attributes": [],
          "private": "bnVsbA=="
        }
      ]
    }
  ]
}
